
Microsoft Visual Studio Solution File, Format Version 12.00
# Visual Studio Version 16
VisualStudioVersion = 16.0.30330.147
MinimumVisualStudioVersion = 10.0.40219.1
Project("{FAE04EC0-301F-11D3-BF4B-00C04F79EFBC}") = "CuaHangQuatMay", "CuaHangQuatMay\CuaHangQuatMay.csproj", "{DEE54062-0F33-4E25-8044-2D6EB97C7043}"
EndProject
Global
	GlobalSection(SolutionConfigurationPlatforms) = preSolution
		Debug|Any CPU = Debug|Any CPU
		Release|Any CPU = Release|Any CPU
	EndGlobalSection
	GlobalSection(ProjectConfigurationPlatforms) = postSolution
		{DEE54062-0F33-4E25-8044-2D6EB97C7043}.Debug|Any CPU.ActiveCfg = Debug|Any CPU
		{DEE54062-0F33-4E25-8044-2D6EB97C7043}.Debug|Any CPU.Build.0 = Debug|Any CPU
		{DEE54062-0F33-4E25-8044-2D6EB97C7043}.Release|Any CPU.ActiveCfg = Release|Any CPU
		{DEE54062-0F33-4E25-8044-2D6EB97C7043}.Release|Any CPU.Build.0 = Release|Any CPU
	EndGlobalSection
	GlobalSection(SolutionProperties) = preSolution
		HideSolutionNode = FALSE
	EndGlobalSection
	GlobalSection(ExtensibilityGlobals) = postSolution
		SolutionGuid = {1B50698E-16D5-4450-9363-EBF2BFF9316F}
	EndGlobalSection
EndGlobal
